
Microsoft Visual Studio Solution File, Format Version 12.00
# Visual Studio 15
Project("{FAE04EC0-301F-11D3-BF4B-00C04F79EFBC}") = "Assembly-CSharp", "Assembly-CSharp.csproj", "{3E73946A-6E1B-6922-DB33-6954E0231CBD}"
EndProject
Project("{FAE04EC0-301F-11D3-BF4B-00C04F79EFBC}") = "Assembly-CSharp-Editor", "Assembly-CSharp-Editor.csproj", "{E122B829-B5E5-D50C-2733-3209B5D18FBF}"
EndProject
Global
	GlobalSection(SolutionConfigurationPlatforms) = preSolution
		Debug|Any CPU = Debug|Any CPU
		Release|Any CPU = Release|Any CPU
	EndGlobalSection
	GlobalSection(ProjectConfigurationPlatforms) = postSolution
		{3E73946A-6E1B-6922-DB33-6954E0231CBD}.Debug|Any CPU.ActiveCfg = Debug|Any CPU
		{3E73946A-6E1B-6922-DB33-6954E0231CBD}.Debug|Any CPU.Build.0 = Debug|Any CPU
		{3E73946A-6E1B-6922-DB33-6954E0231CBD}.Release|Any CPU.ActiveCfg = Release|Any CPU
		{3E73946A-6E1B-6922-DB33-6954E0231CBD}.Release|Any CPU.Build.0 = Release|Any CPU
		{E122B829-B5E5-D50C-2733-3209B5D18FBF}.Debug|Any CPU.ActiveCfg = Debug|Any CPU
		{E122B829-B5E5-D50C-2733-3209B5D18FBF}.Debug|Any CPU.Build.0 = Debug|Any CPU
		{E122B829-B5E5-D50C-2733-3209B5D18FBF}.Release|Any CPU.ActiveCfg = Release|Any CPU
		{E122B829-B5E5-D50C-2733-3209B5D18FBF}.Release|Any CPU.Build.0 = Release|Any CPU
	EndGlobalSection
	GlobalSection(SolutionProperties) = preSolution
		HideSolutionNode = FALSE
	EndGlobalSection
EndGlobal
